
Microsoft Visual Studio Solution File, Format Version 12.00
# Visual Studio Version 16
VisualStudioVersion = 16.0.29728.190
MinimumVisualStudioVersion = 10.0.40219.1
Project("{FAE04EC0-301F-11D3-BF4B-00C04F79EFBC}") = "BitcoinMiner", "btc\BitcoinMiner.csproj", "{089140CA-B3C0-4908-BF29-86762750167E}"
EndProject
Global
	GlobalSection(SolutionConfigurationPlatforms) = preSolution
		Debug|Any CPU = Debug|Any CPU
		Release|Any CPU = Release|Any CPU
	EndGlobalSection
	GlobalSection(ProjectConfigurationPlatforms) = postSolution
		{089140CA-B3C0-4908-BF29-86762750167E}.Debug|Any CPU.ActiveCfg = Debug|Any CPU
		{089140CA-B3C0-4908-BF29-86762750167E}.Debug|Any CPU.Build.0 = Debug|Any CPU
		{089140CA-B3C0-4908-BF29-86762750167E}.Release|Any CPU.ActiveCfg = Release|Any CPU
		{089140CA-B3C0-4908-BF29-86762750167E}.Release|Any CPU.Build.0 = Release|Any CPU
	EndGlobalSection
	GlobalSection(SolutionProperties) = preSolution
		HideSolutionNode = FALSE
	EndGlobalSection
	GlobalSection(ExtensibilityGlobals) = postSolution
		SolutionGuid = {2EC99542-8874-4E73-8019-58ADAD84ECE9}
	EndGlobalSection
EndGlobal
